
Microsoft Visual Studio Solution File, Format Version 12.00
# Visual Studio Version 17
VisualStudioVersion = 17.7.34009.444
MinimumVisualStudioVersion = 10.0.40219.1
Project("{FAE04EC0-301F-11D3-BF4B-00C04F79EFBC}") = "Clinet", "auktionshus\Clinet.csproj", "{8E1D80D8-E58A-4D6B-B9B4-8C40B196460F}"
EndProject
Project("{FAE04EC0-301F-11D3-BF4B-00C04F79EFBC}") = "Server", "Server\Server.csproj", "{FD14DC33-6C7E-4001-AD0F-D16B78CBE733}"
EndProject
Global
	GlobalSection(SolutionConfigurationPlatforms) = preSolution
		Debug|Any CPU = Debug|Any CPU
		Release|Any CPU = Release|Any CPU
	EndGlobalSection
	GlobalSection(ProjectConfigurationPlatforms) = postSolution
		{8E1D80D8-E58A-4D6B-B9B4-8C40B196460F}.Debug|Any CPU.ActiveCfg = Debug|Any CPU
		{8E1D80D8-E58A-4D6B-B9B4-8C40B196460F}.Debug|Any CPU.Build.0 = Debug|Any CPU
		{8E1D80D8-E58A-4D6B-B9B4-8C40B196460F}.Release|Any CPU.ActiveCfg = Release|Any CPU
		{8E1D80D8-E58A-4D6B-B9B4-8C40B196460F}.Release|Any CPU.Build.0 = Release|Any CPU
		{FD14DC33-6C7E-4001-AD0F-D16B78CBE733}.Debug|Any CPU.ActiveCfg = Debug|Any CPU
		{FD14DC33-6C7E-4001-AD0F-D16B78CBE733}.Debug|Any CPU.Build.0 = Debug|Any CPU
		{FD14DC33-6C7E-4001-AD0F-D16B78CBE733}.Release|Any CPU.ActiveCfg = Release|Any CPU
		{FD14DC33-6C7E-4001-AD0F-D16B78CBE733}.Release|Any CPU.Build.0 = Release|Any CPU
	EndGlobalSection
	GlobalSection(SolutionProperties) = preSolution
		HideSolutionNode = FALSE
	EndGlobalSection
	GlobalSection(ExtensibilityGlobals) = postSolution
		SolutionGuid = {2ED68B44-C0BA-41AA-A6FD-19B93E1240AD}
	EndGlobalSection
EndGlobal
